
Microsoft Visual Studio Solution File, Format Version 12.00
# Visual Studio Version 17
VisualStudioVersion = 17.8.34330.188
MinimumVisualStudioVersion = 10.0.40219.1
Project("{FAE04EC0-301F-11D3-BF4B-00C04F79EFBC}") = "CsvToSqlTest", "CsvToSqlTest\CsvToSqlTest.csproj", "{7FDB01C8-7293-4466-B7AE-C90F8B0388AC}"
EndProject
Global
	GlobalSection(SolutionConfigurationPlatforms) = preSolution
		Debug|Any CPU = Debug|Any CPU
		Release|Any CPU = Release|Any CPU
	EndGlobalSection
	GlobalSection(ProjectConfigurationPlatforms) = postSolution
		{7FDB01C8-7293-4466-B7AE-C90F8B0388AC}.Debug|Any CPU.ActiveCfg = Debug|Any CPU
		{7FDB01C8-7293-4466-B7AE-C90F8B0388AC}.Debug|Any CPU.Build.0 = Debug|Any CPU
		{7FDB01C8-7293-4466-B7AE-C90F8B0388AC}.Release|Any CPU.ActiveCfg = Release|Any CPU
		{7FDB01C8-7293-4466-B7AE-C90F8B0388AC}.Release|Any CPU.Build.0 = Release|Any CPU
	EndGlobalSection
	GlobalSection(SolutionProperties) = preSolution
		HideSolutionNode = FALSE
	EndGlobalSection
	GlobalSection(ExtensibilityGlobals) = postSolution
		SolutionGuid = {0820F76C-349F-473B-AAD7-C2AA829DC154}
	EndGlobalSection
EndGlobal
